// !$*UTF8*$!
{
	archiveVersion = 1;
	classes = {
	};
	objectVersion = 77;
	objects = {

/* Begin PBXContainerItemProxy section */
		910E6F932D4612C00066764B /* PBXContainerItemProxy */ = {
			isa = PBXContainerItemProxy;
			containerPortal = 910E6F7A2D4612BF0066764B /* Project object */;
			proxyType = 1;
			remoteGlobalIDString = 910E6F812D4612BF0066764B;
			remoteInfo = ReceipeApp;
		};
		910E6F9D2D4612C00066764B /* PBXContainerItemProxy */ = {
			isa = PBXContainerItemProxy;
			containerPortal = 910E6F7A2D4612BF0066764B /* Project object */;
			proxyType = 1;
			remoteGlobalIDString = 910E6F812D4612BF0066764B;
			remoteInfo = ReceipeApp;
		};
/* End PBXContainerItemProxy section */

/* Begin PBXFileReference section */
		910E6F822D4612BF0066764B /* ReceipeApp.app */ = {isa = PBXFileReference; explicitFileType = wrapper.application; includeInIndex = 0; path = ReceipeApp.app; sourceTree = BUILT_PRODUCTS_DIR; };
		910E6F922D4612C00066764B /* ReceipeAppTests.xctest */ = {isa = PBXFileReference; explicitFileType = wrapper.cfbundle; includeInIndex = 0; path = ReceipeAppTests.xctest; sourceTree = BUILT_PRODUCTS_DIR; };
		910E6F9C2D4612C00066764B /* ReceipeAppUITests.xctest */ = {isa = PBXFileReference; explicitFileType = wrapper.cfbundle; includeInIndex = 0; path = ReceipeAppUITests.xctest; sourceTree = BUILT_PRODUCTS_DIR; };
/* End PBXFileReference section */

/* Begin PBXFileSystemSynchronizedRootGroup section */
		910E6F842D4612BF0066764B /* ReceipeApp */ = {
			isa = PBXFileSystemSynchronizedRootGroup;
			path = ReceipeApp;
			sourceTree = "<group>";
		};
		910E6F952D4612C00066764B /* ReceipeAppTests */ = {
			isa = PBXFileSystemSynchronizedRootGroup;
			path = ReceipeAppTests;
			sourceTree = "<group>";
		};
		910E6F9F2D4612C00066764B /* ReceipeAppUITests */ = {
			isa = PBXFileSystemSynchronizedRootGroup;
			path = ReceipeAppUITests;
			sourceTree = "<group>";
		};
/* End PBXFileSystemSynchronizedRootGroup section */

/* Begin PBXFrameworksBuildPhase section */
		910E6F7F2D4612BF0066764B /* Frameworks */ = {
			isa = PBXFrameworksBuildPhase;
			buildActionMask = 2147483647;
			files = (
			);
			runOnlyForDeploymentPostprocessing = 0;
		};
		910E6F8F2D4612C00066764B /* Frameworks */ = {
			isa = PBXFrameworksBuildPhase;
			buildActionMask = 2147483647;
			files = (
			);
			runOnlyForDeploymentPostprocessing = 0;
		};
		910E6F992D4612C00066764B /* Frameworks */ = {
			isa = PBXFrameworksBuildPhase;
			buildActionMask = 2147483647;
			files = (
			);
			runOnlyForDeploymentPostprocessing = 0;
		};
/* End PBXFrameworksBuildPhase section */

/* Begin PBXGroup section */
		910E6F792D4612BF0066764B = {
			isa = PBXGroup;
			children = (
				910E6F842D4612BF0066764B /* ReceipeApp */,
				910E6F952D4612C00066764B /* ReceipeAppTests */,
				910E6F9F2D4612C00066764B /* ReceipeAppUITests */,
				910E6F832D4612BF0066764B /* Products */,
			);
			sourceTree = "<group>";
		};
		910E6F832D4612BF0066764B /* Products */ = {
			isa = PBXGroup;
			children = (
				910E6F822D4612BF0066764B /* ReceipeApp.app */,
				910E6F922D4612C00066764B /* ReceipeAppTests.xctest */,
				910E6F9C2D4612C00066764B /* ReceipeAppUITests.xctest */,
			);
			name = Products;
			sourceTree = "<group>";
		};
/* End PBXGroup section */

/* Begin PBXNativeTarget section */
		910E6F812D4612BF0066764B /* ReceipeApp */ = {
			isa = PBXNativeTarget;
			buildConfigurationList = 910E6FA62D4612C00066764B /* Build configuration list for PBXNativeTarget "ReceipeApp" */;
			buildPhases = (
				910E6F7E2D4612BF0066764B /* Sources */,
				910E6F7F2D4612BF0066764B /* Frameworks */,
				910E6F802D4612BF0066764B /* Resources */,
			);
			buildRules = (
			);
			dependencies = (
			);
			fileSystemSynchronizedGroups = (
				910E6F842D4612BF0066764B /* ReceipeApp */,
			);
			name = ReceipeApp;
			packageProductDependencies = (
			);
			productName = ReceipeApp;
			productReference = 910E6F822D4612BF0066764B /* ReceipeApp.app */;
			productType = "com.apple.product-type.application";
		};
		910E6F912D4612C00066764B /* ReceipeAppTests */ = {
			isa = PBXNativeTarget;
			buildConfigurationList = 910E6FA92D4612C00066764B /* Build configuration list for PBXNativeTarget "ReceipeAppTests" */;
			buildPhases = (
				910E6F8E2D4612C00066764B /* Sources */,
				910E6F8F2D4612C00066764B /* Frameworks */,
				910E6F902D4612C00066764B /* Resources */,
			);
			buildRules = (
			);
			dependencies = (
				910E6F942D4612C00066764B /* PBXTargetDependency */,
			);
			fileSystemSynchronizedGroups = (
				910E6F952D4612C00066764B /* ReceipeAppTests */,
			);
			name = ReceipeAppTests;
			packageProductDependencies = (
			);
			productName = ReceipeAppTests;
			productReference = 910E6F922D4612C00066764B /* ReceipeAppTests.xctest */;
			productType = "com.apple.product-type.bundle.unit-test";
		};
		910E6F9B2D4612C00066764B /* ReceipeAppUITests */ = {
			isa = PBXNativeTarget;
			buildConfigurationList = 910E6FAC2D4612C00066764B /* Build configuration list for PBXNativeTarget "ReceipeAppUITests" */;
			buildPhases = (
				910E6F982D4612C00066764B /* Sources */,
				910E6F992D4612C00066764B /* Frameworks */,
				910E6F9A2D4612C00066764B /* Resources */,
			);
			buildRules = (
			);
			dependencies = (
				910E6F9E2D4612C00066764B /* PBXTargetDependency */,
			);
			fileSystemSynchronizedGroups = (
				910E6F9F2D4612C00066764B /* ReceipeAppUITests */,
			);
			name = ReceipeAppUITests;
			packageProductDependencies = (
			);
			productName = ReceipeAppUITests;
			productReference = 910E6F9C2D4612C00066764B /* ReceipeAppUITests.xctest */;
			productType = "com.apple.product-type.bundle.ui-testing";
		};
/* End PBXNativeTarget section */

/* Begin PBXProject section */
		910E6F7A2D4612BF0066764B /* Project object */ = {
			isa = PBXProject;
			attributes = {
				BuildIndependentTargetsInParallel = 1;
				LastSwiftUpdateCheck = 1620;
				LastUpgradeCheck = 1620;
				TargetAttributes = {
					910E6F812D4612BF0066764B = {
						CreatedOnToolsVersion = 16.2;
					};
					910E6F912D4612C00066764B = {
						CreatedOnToolsVersion = 16.2;
						TestTargetID = 910E6F812D4612BF0066764B;
					};
					910E6F9B2D4612C00066764B = {
						CreatedOnToolsVersion = 16.2;
						TestTargetID = 910E6F812D4612BF0066764B;
					};
				};
			};
			buildConfigurationList = 910E6F7D2D4612BF0066764B /* Build configuration list for PBXProject "ReceipeApp" */;
			developmentRegion = en;
			hasScannedForEncodings = 0;
			knownRegions = (
				en,
				Base,
			);
			mainGroup = 910E6F792D4612BF0066764B;
			minimizedProjectReferenceProxies = 1;
			preferredProjectObjectVersion = 77;
			productRefGroup = 910E6F832D4612BF0066764B /* Products */;
			projectDirPath = "";
			projectRoot = "";
			targets = (
				910E6F812D4612BF0066764B /* ReceipeApp */,
				910E6F912D4612C00066764B /* ReceipeAppTests */,
				910E6F9B2D4612C00066764B /* ReceipeAppUITests */,
			);
		};
/* End PBXProject section */

/* Begin PBXResourcesBuildPhase section */
		910E6F802D4612BF0066764B /* Resources */ = {
			isa = PBXResourcesBuildPhase;
			buildActionMask = 2147483647;
			files = (
			);
			runOnlyForDeploymentPostprocessing = 0;
		};
		910E6F902D4612C00066764B /* Resources */ = {
			isa = PBXResourcesBuildPhase;
			buildActionMask = 2147483647;
			files = (
			);
			runOnlyForDeploymentPostprocessing = 0;
		};
		910E6F9A2D4612C00066764B /* Resources */ = {
			isa = PBXResourcesBuildPhase;
			buildActionMask = 2147483647;
			files = (
			);
			runOnlyForDeploymentPostprocessing = 0;
		};
/* End PBXResourcesBuildPhase section */

/* Begin PBXSourcesBuildPhase section */
		910E6F7E2D4612BF0066764B /* Sources */ = {
			isa = PBXSourcesBuildPhase;
			buildActionMask = 2147483647;
			files = (
			);
			runOnlyForDeploymentPostprocessing = 0;
		};
		910E6F8E2D4612C00066764B /* Sources */ = {
			isa = PBXSourcesBuildPhase;
			buildActionMask = 2147483647;
			files = (
			);
			runOnlyForDeploymentPostprocessing = 0;
		};
		910E6F982D4612C00066764B /* Sources */ = {
			isa = PBXSourcesBuildPhase;
			buildActionMask = 2147483647;
			files = (
			);
			runOnlyForDeploymentPostprocessing = 0;
		};
/* End PBXSourcesBuildPhase section */

/* Begin PBXTargetDependency section */
		910E6F942D4612C00066764B /* PBXTargetDependency */ = {
			isa = PBXTargetDependency;
			target = 910E6F812D4612BF0066764B /* ReceipeApp */;
			targetProxy = 910E6F932D4612C00066764B /* PBXContainerItemProxy */;
		};
		910E6F9E2D4612C00066764B /* PBXTargetDependency */ = {
			isa = PBXTargetDependency;
			target = 910E6F812D4612BF0066764B /* ReceipeApp */;
			targetProxy = 910E6F9D2D4612C00066764B /* PBXContainerItemProxy */;
		};
/* End PBXTargetDependency section */

/* Begin XCBuildConfiguration section */
		910E6FA42D4612C00066764B /* Debug */ = {
			isa = XCBuildConfiguration;
			buildSettings = {
				ALWAYS_SEARCH_USER_PATHS = NO;
				ASSETCATALOG_COMPILER_GENERATE_SWIFT_ASSET_SYMBOL_EXTENSIONS = YES;
				CLANG_ANALYZER_NONNULL = YES;
				CLANG_ANALYZER_NUMBER_OBJECT_CONVERSION = YES_AGGRESSIVE;
				CLANG_CXX_LANGUAGE_STANDARD = "gnu++20";
				CLANG_ENABLE_MODULES = YES;
				CLANG_ENABLE_OBJC_ARC = YES;
				CLANG_ENABLE_OBJC_WEAK = YES;
				CLANG_WARN_BLOCK_CAPTURE_AUTORELEASING = YES;
				CLANG_WARN_BOOL_CONVERSION = YES;
				CLANG_WARN_COMMA = YES;
				CLANG_WARN_CONSTANT_CONVERSION = YES;
				CLANG_WARN_DEPRECATED_OBJC_IMPLEMENTATIONS = YES;
				CLANG_WARN_DIRECT_OBJC_ISA_USAGE = YES_ERROR;
				CLANG_WARN_DOCUMENTATION_COMMENTS = YES;
				CLANG_WARN_EMPTY_BODY = YES;
				CLANG_WARN_ENUM_CONVERSION = YES;
				CLANG_WARN_INFINITE_RECURSION = YES;
				CLANG_WARN_INT_CONVERSION = YES;
				CLANG_WARN_NON_LITERAL_NULL_CONVERSION = YES;
				CLANG_WARN_OBJC_IMPLICIT_RETAIN_SELF = YES;
				CLANG_WARN_OBJC_LITERAL_CONVERSION = YES;
				CLANG_WARN_OBJC_ROOT_CLASS = YES_ERROR;
				CLANG_WARN_QUOTED_INCLUDE_IN_FRAMEWORK_HEADER = YES;
				CLANG_WARN_RANGE_LOOP_ANALYSIS = YES;
				CLANG_WARN_STRICT_PROTOTYPES = YES;
				CLANG_WARN_SUSPICIOUS_MOVE = YES;
				CLANG_WARN_UNGUARDED_AVAILABILITY = YES_AGGRESSIVE;
				CLANG_WARN_UNREACHABLE_CODE = YES;
				CLANG_WARN__DUPLICATE_METHOD_MATCH = YES;
				COPY_PHASE_STRIP = NO;
				DEBUG_INFORMATION_FORMAT = dwarf;
				ENABLE_STRICT_OBJC_MSGSEND = YES;
				ENABLE_TESTABILITY = YES;
				ENABLE_USER_SCRIPT_SANDBOXING = YES;
				GCC_C_LANGUAGE_STANDARD = gnu17;
				GCC_DYNAMIC_NO_PIC = NO;
				GCC_NO_COMMON_BLOCKS = YES;
				GCC_OPTIMIZATION_LEVEL = 0;
				GCC_PREPROCESSOR_DEFINITIONS = (
					"DEBUG=1",
					"$(inherited)",
				);
				GCC_WARN_64_TO_32_BIT_CONVERSION = YES;
				GCC_WARN_ABOUT_RETURN_TYPE = YES_ERROR;
				GCC_WARN_UNDECLARED_SELECTOR = YES;
				GCC_WARN_UNINITIALIZED_AUTOS = YES_AGGRESSIVE;
				GCC_WARN_UNUSED_FUNCTION = YES;
				GCC_WARN_UNUSED_VARIABLE = YES;
				IPHONEOS_DEPLOYMENT_TARGET = 18.2;
				LOCALIZATION_PREFERS_STRING_CATALOGS = YES;
				MTL_ENABLE_DEBUG_INFO = INCLUDE_SOURCE;
				MTL_FAST_MATH = YES;
				ONLY_ACTIVE_ARCH = YES;
				SDKROOT = iphoneos;
				SWIFT_ACTIVE_COMPILATION_CONDITIONS = "DEBUG $(inherited)";
				SWIFT_OPTIMIZATION_LEVEL = "-Onone";
			};
			name = Debug;
		};
		910E6FA52D4612C00066764B /* Release */ = {
			isa = XCBuildConfiguration;
			buildSettings = {
				ALWAYS_SEARCH_USER_PATHS = NO;
				ASSETCATALOG_COMPILER_GENERATE_SWIFT_ASSET_SYMBOL_EXTENSIONS = YES;
				CLANG_ANALYZER_NONNULL = YES;
				CLANG_ANALYZER_NUMBER_OBJECT_CONVERSION = YES_AGGRESSIVE;
				CLANG_CXX_LANGUAGE_STANDARD = "gnu++20";
				CLANG_ENABLE_MODULES = YES;
				CLANG_ENABLE_OBJC_ARC = YES;
				CLANG_ENABLE_OBJC_WEAK = YES;
				CLANG_WARN_BLOCK_CAPTURE_AUTORELEASING = YES;
				CLANG_WARN_BOOL_CONVERSION = YES;
				CLANG_WARN_COMMA = YES;
				CLANG_WARN_CONSTANT_CONVERSION = YES;
				CLANG_WARN_DEPRECATED_OBJC_IMPLEMENTATIONS = YES;
				CLANG_WARN_DIRECT_OBJC_ISA_USAGE = YES_ERROR;
				CLANG_WARN_DOCUMENTATION_COMMENTS = YES;
				CLANG_WARN_EMPTY_BODY = YES;
				CLANG_WARN_ENUM_CONVERSION = YES;
				CLANG_WARN_INFINITE_RECURSION = YES;
				CLANG_WARN_INT_CONVERSION = YES;
				CLANG_WARN_NON_LITERAL_NULL_CONVERSION = YES;
				CLANG_WARN_OBJC_IMPLICIT_RETAIN_SELF = YES;
				CLANG_WARN_OBJC_LITERAL_CONVERSION = YES;
				CLANG_WARN_OBJC_ROOT_CLASS = YES_ERROR;
				CLANG_WARN_QUOTED_INCLUDE_IN_FRAMEWORK_HEADER = YES;
				CLANG_WARN_RANGE_LOOP_ANALYSIS = YES;
				CLANG_WARN_STRICT_PROTOTYPES = YES;
				CLANG_WARN_SUSPICIOUS_MOVE = YES;
				CLANG_WARN_UNGUARDED_AVAILABILITY = YES_AGGRESSIVE;
				CLANG_WARN_UNREACHABLE_CODE = YES;
				CLANG_WARN__DUPLICATE_METHOD_MATCH = YES;
				COPY_PHASE_STRIP = NO;
				DEBUG_INFORMATION_FORMAT = "dwarf-with-dsym";
				ENABLE_NS_ASSERTIONS = NO;
				ENABLE_STRICT_OBJC_MSGSEND = YES;
				ENABLE_USER_SCRIPT_SANDBOXING = YES;
				GCC_C_LANGUAGE_STANDARD = gnu17;
				GCC_NO_COMMON_BLOCKS = YES;
				GCC_WARN_64_TO_32_BIT_CONVERSION = YES;
				GCC_WARN_ABOUT_RETURN_TYPE = YES_ERROR;
				GCC_WARN_UNDECLARED_SELECTOR = YES;
				GCC_WARN_UNINITIALIZED_AUTOS = YES_AGGRESSIVE;
				GCC_WARN_UNUSED_FUNCTION = YES;
				GCC_WARN_UNUSED_VARIABLE = YES;
				IPHONEOS_DEPLOYMENT_TARGET = 18.2;
				LOCALIZATION_PREFERS_STRING_CATALOGS = YES;
				MTL_ENABLE_DEBUG_INFO = NO;
				MTL_FAST_MATH = YES;
				SDKROOT = iphoneos;
				SWIFT_COMPILATION_MODE = wholemodule;
				VALIDATE_PRODUCT = YES;
			};
			name = Release;
		};
		910E6FA72D4612C00066764B /* Debug */ = {
			isa = XCBuildConfiguration;
			buildSettings = {
				ASSETCATALOG_COMPILER_APPICON_NAME = AppIcon;
				ASSETCATALOG_COMPILER_GLOBAL_ACCENT_COLOR_NAME = AccentColor;
				CODE_SIGN_STYLE = Automatic;
				CURRENT_PROJECT_VERSION = 1;
				DEVELOPMENT_ASSET_PATHS = "\"ReceipeApp/Preview Content\"";
				DEVELOPMENT_TEAM = PYFZEY2H5U;
				ENABLE_PREVIEWS = YES;
				GENERATE_INFOPLIST_FILE = YES;
				INFOPLIST_KEY_UIApplicationSceneManifest_Generation = YES;
				INFOPLIST_KEY_UIApplicationSupportsIndirectInputEvents = YES;
				INFOPLIST_KEY_UILaunchScreen_Generation = YES;
				INFOPLIST_KEY_UISupportedInterfaceOrientations_iPad = "UIInterfaceOrientationPortrait UIInterfaceOrientationPortraitUpsideDown UIInterfaceOrientationLandscapeLeft UIInterfaceOrientationLandscapeRight";
				INFOPLIST_KEY_UISupportedInterfaceOrientations_iPhone = "UIInterfaceOrientationPortrait UIInterfaceOrientationLandscapeLeft UIInterfaceOrientationLandscapeRight";
				LD_RUNPATH_SEARCH_PATHS = (
					"$(inherited)",
					"@executable_path/Frameworks",
				);
				MARKETING_VERSION = 1.0;
				PRODUCT_BUNDLE_IDENTIFIER = com.fetch.receipeapp.ReceipeApp;
				PRODUCT_NAME = "$(TARGET_NAME)";
				SWIFT_EMIT_LOC_STRINGS = YES;
				SWIFT_VERSION = 5.0;
				TARGETED_DEVICE_FAMILY = "1,2";
			};
			name = Debug;
		};
		910E6FA82D4612C00066764B /* Release */ = {
			isa = XCBuildConfiguration;
			buildSettings = {
				ASSETCATALOG_COMPILER_APPICON_NAME = AppIcon;
				ASSETCATALOG_COMPILER_GLOBAL_ACCENT_COLOR_NAME = AccentColor;
				CODE_SIGN_STYLE = Automatic;
				CURRENT_PROJECT_VERSION = 1;
				DEVELOPMENT_ASSET_PATHS = "\"ReceipeApp/Preview Content\"";
				DEVELOPMENT_TEAM = PYFZEY2H5U;
				ENABLE_PREVIEWS = YES;
				GENERATE_INFOPLIST_FILE = YES;
				INFOPLIST_KEY_UIApplicationSceneManifest_Generation = YES;
				INFOPLIST_KEY_UIApplicationSupportsIndirectInputEvents = YES;
				INFOPLIST_KEY_UILaunchScreen_Generation = YES;
				INFOPLIST_KEY_UISupportedInterfaceOrientations_iPad = "UIInterfaceOrientationPortrait UIInterfaceOrientationPortraitUpsideDown UIInterfaceOrientationLandscapeLeft UIInterfaceOrientationLandscapeRight";
				INFOPLIST_KEY_UISupportedInterfaceOrientations_iPhone = "UIInterfaceOrientationPortrait UIInterfaceOrientationLandscapeLeft UIInterfaceOrientationLandscapeRight";
				LD_RUNPATH_SEARCH_PATHS = (
					"$(inherited)",
					"@executable_path/Frameworks",
				);
				MARKETING_VERSION = 1.0;
				PRODUCT_BUNDLE_IDENTIFIER = com.fetch.receipeapp.ReceipeApp;
				PRODUCT_NAME = "$(TARGET_NAME)";
				SWIFT_EMIT_LOC_STRINGS = YES;
				SWIFT_VERSION = 5.0;
				TARGETED_DEVICE_FAMILY = "1,2";
			};
			name = Release;
		};
		910E6FAA2D4612C00066764B /* Debug */ = {
			isa = XCBuildConfiguration;
			buildSettings = {
				BUNDLE_LOADER = "$(TEST_HOST)";
				CODE_SIGN_STYLE = Automatic;
				CURRENT_PROJECT_VERSION = 1;
				DEVELOPMENT_TEAM = PYFZEY2H5U;
				GENERATE_INFOPLIST_FILE = YES;
				IPHONEOS_DEPLOYMENT_TARGET = 18.2;
				MARKETING_VERSION = 1.0;
				PRODUCT_BUNDLE_IDENTIFIER = com.fetch.receipeapp.ReceipeAppTests;
				PRODUCT_NAME = "$(TARGET_NAME)";
				SWIFT_EMIT_LOC_STRINGS = NO;
				SWIFT_VERSION = 5.0;
				TARGETED_DEVICE_FAMILY = "1,2";
				TEST_HOST = "$(BUILT_PRODUCTS_DIR)/ReceipeApp.app/$(BUNDLE_EXECUTABLE_FOLDER_PATH)/ReceipeApp";
			};
			name = Debug;
		};
		910E6FAB2D4612C00066764B /* Release */ = {
			isa = XCBuildConfiguration;
			buildSettings = {
				BUNDLE_LOADER = "$(TEST_HOST)";
				CODE_SIGN_STYLE = Automatic;
				CURRENT_PROJECT_VERSION = 1;
				DEVELOPMENT_TEAM = PYFZEY2H5U;
				GENERATE_INFOPLIST_FILE = YES;
				IPHONEOS_DEPLOYMENT_TARGET = 18.2;
				MARKETING_VERSION = 1.0;
				PRODUCT_BUNDLE_IDENTIFIER = com.fetch.receipeapp.ReceipeAppTests;
				PRODUCT_NAME = "$(TARGET_NAME)";
				SWIFT_EMIT_LOC_STRINGS = NO;
				SWIFT_VERSION = 5.0;
				TARGETED_DEVICE_FAMILY = "1,2";
				TEST_HOST = "$(BUILT_PRODUCTS_DIR)/ReceipeApp.app/$(BUNDLE_EXECUTABLE_FOLDER_PATH)/ReceipeApp";
			};
			name = Release;
		};
		910E6FAD2D4612C00066764B /* Debug */ = {
			isa = XCBuildConfiguration;
			buildSettings = {
				CODE_SIGN_STYLE = Automatic;
				CURRENT_PROJECT_VERSION = 1;
				DEVELOPMENT_TEAM = PYFZEY2H5U;
				GENERATE_INFOPLIST_FILE = YES;
				MARKETING_VERSION = 1.0;
				PRODUCT_BUNDLE_IDENTIFIER = com.fetch.receipeapp.ReceipeAppUITests;
				PRODUCT_NAME = "$(TARGET_NAME)";
				SWIFT_EMIT_LOC_STRINGS = NO;
				SWIFT_VERSION = 5.0;
				TARGETED_DEVICE_FAMILY = "1,2";
				TEST_TARGET_NAME = ReceipeApp;
			};
			name = Debug;
		};
		910E6FAE2D4612C00066764B /* Release */ = {
			isa = XCBuildConfiguration;
			buildSettings = {
				CODE_SIGN_STYLE = Automatic;
				CURRENT_PROJECT_VERSION = 1;
				DEVELOPMENT_TEAM = PYFZEY2H5U;
				GENERATE_INFOPLIST_FILE = YES;
				MARKETING_VERSION = 1.0;
				PRODUCT_BUNDLE_IDENTIFIER = com.fetch.receipeapp.ReceipeAppUITests;
				PRODUCT_NAME = "$(TARGET_NAME)";
				SWIFT_EMIT_LOC_STRINGS = NO;
				SWIFT_VERSION = 5.0;
				TARGETED_DEVICE_FAMILY = "1,2";
				TEST_TARGET_NAME = ReceipeApp;
			};
			name = Release;
		};
/* End XCBuildConfiguration section */

/* Begin XCConfigurationList section */
		910E6F7D2D4612BF0066764B /* Build configuration list for PBXProject "ReceipeApp" */ = {
			isa = XCConfigurationList;
			buildConfigurations = (
				910E6FA42D4612C00066764B /* Debug */,
				910E6FA52D4612C00066764B /* Release */,
			);
			defaultConfigurationIsVisible = 0;
			defaultConfigurationName = Release;
		};
		910E6FA62D4612C00066764B /* Build configuration list for PBXNativeTarget "ReceipeApp" */ = {
			isa = XCConfigurationList;
			buildConfigurations = (
				910E6FA72D4612C00066764B /* Debug */,
				910E6FA82D4612C00066764B /* Release */,
			);
			defaultConfigurationIsVisible = 0;
			defaultConfigurationName = Release;
		};
		910E6FA92D4612C00066764B /* Build configuration list for PBXNativeTarget "ReceipeAppTests" */ = {
			isa = XCConfigurationList;
			buildConfigurations = (
				910E6FAA2D4612C00066764B /* Debug */,
				910E6FAB2D4612C00066764B /* Release */,
			);
			defaultConfigurationIsVisible = 0;
			defaultConfigurationName = Release;
		};
		910E6FAC2D4612C00066764B /* Build configuration list for PBXNativeTarget "ReceipeAppUITests" */ = {
			isa = XCConfigurationList;
			buildConfigurations = (
				910E6FAD2D4612C00066764B /* Debug */,
				910E6FAE2D4612C00066764B /* Release */,
			);
			defaultConfigurationIsVisible = 0;
			defaultConfigurationName = Release;
		};
/* End XCConfigurationList section */
	};
	rootObject = 910E6F7A2D4612BF0066764B /* Project object */;
}
